# This file is automatically @generated by Cargo.
# It is not intended for manual editing.
version = 4

[[package]]
name = "yaml-fidelity-rust"
version = "0.0.0"
dependencies = [
 "yaml-rt",
]

[[package]]
name = "yaml-rt"
version = "0.2.3"
source = "registry+https://github.com/rust-lang/crates.io-index"
checksum = "1ecd24d9b1b350e5e8b301d26ea8b24a936d639aa66dfee721c44d91185341ed"
dependencies = [
 "yaml-rt-core",
]

[[package]]
name = "yaml-rt-core"
version = "0.2.3"
source = "registry+https://github.com/rust-lang/crates.io-index"
checksum = "3df7ff7773739da1ec1c00a85878674e86eb8fba3e5a7e1fdebdc11829ab7fea"
